{
  "name": "mnodehttp",
  "version": "0.1.3",
  "lockfileVersion": 2,
  "requires": true,
  "packages": {
    "": {
      "name": "mnodehttp",
      "version": "0.1.3",
      "license": "MIT",
      "dependencies": {
        "node-yss": "https://raw.githubusercontent.com/yOyOeK1/node-yss/refs/heads/main/node-yss-0.0.5.tgz",
        "ws": "^8.18.3"
      }
    },
    "node_modules/node-yss": {
      "version": "0.0.5",
      "resolved": "https://raw.githubusercontent.com/yOyOeK1/node-yss/refs/heads/main/node-yss-0.0.5.tgz",
      "integrity": "sha512-pFvwRn+9G4DtnxYBMUdYerA1JH7ihF9Zr6JgU9oiq4hcpdUVCp04xAeFqHcfDegyt/VY2sArg8WpNHxc/0y1PQ==",
      "license": "MIT"
    },
    "node_modules/ws": {
      "version": "8.18.3",
      "resolved": "https://registry.npmjs.org/ws/-/ws-8.18.3.tgz",
      "integrity": "sha512-PEIGCY5tSlUt50cqyMXfCzX+oOPqN0vuGqWzbcJ2xvnkzkq46oOpz7dQaTDBdfICb4N14+GARUDw2XV2N4tvzg==",
      "engines": {
        "node": ">=10.0.0"
      },
      "peerDependencies": {
        "bufferutil": "^4.0.1",
        "utf-8-validate": ">=5.0.2"
      },
      "peerDependenciesMeta": {
        "bufferutil": {
          "optional": true
        },
        "utf-8-validate": {
          "optional": true
        }
      }
    }
  },
  "dependencies": {
    "node-yss": {
      "version": "https://raw.githubusercontent.com/yOyOeK1/node-yss/refs/heads/main/node-yss-0.0.5.tgz",
      "integrity": "sha512-pFvwRn+9G4DtnxYBMUdYerA1JH7ihF9Zr6JgU9oiq4hcpdUVCp04xAeFqHcfDegyt/VY2sArg8WpNHxc/0y1PQ=="
    },
    "ws": {
      "version": "8.18.3",
      "resolved": "https://registry.npmjs.org/ws/-/ws-8.18.3.tgz",
      "integrity": "sha512-PEIGCY5tSlUt50cqyMXfCzX+oOPqN0vuGqWzbcJ2xvnkzkq46oOpz7dQaTDBdfICb4N14+GARUDw2XV2N4tvzg==",
      "requires": {}
    }
  }
}
