{
  "name": "mnodehttp",
  "version": "0.1.3",
  "lockfileVersion": 2,
  "requires": true,
  "packages": {
    "": {
      "name": "mnodehttp",
      "version": "0.1.3",
      "license": "MIT",
      "dependencies": {
        "node-yss": "https://github.com/yOyOeK1/node-yss/raw/refs/heads/main/node-yss-0.0.4.tgz",
        "ws": "^8.18.3"
      }
    },
    "node_modules/node-yss": {
      "version": "0.0.4",
      "resolved": "https://github.com/yOyOeK1/node-yss/raw/refs/heads/main/node-yss-0.0.4.tgz",
      "integrity": "sha512-c0+ciMa7fbatBbFy2K+vT9kDklNLg383pKaDM0PxKH1V/f6JUdaP3XYhWxpT6ZkiJi97Q8BomXpAS8p2qL7/pQ==",
      "license": "MIT"
    },
    "node_modules/ws": {
      "version": "8.18.3",
      "resolved": "https://registry.npmjs.org/ws/-/ws-8.18.3.tgz",
      "integrity": "sha512-PEIGCY5tSlUt50cqyMXfCzX+oOPqN0vuGqWzbcJ2xvnkzkq46oOpz7dQaTDBdfICb4N14+GARUDw2XV2N4tvzg==",
      "engines": {
        "node": ">=10.0.0"
      },
      "peerDependencies": {
        "bufferutil": "^4.0.1",
        "utf-8-validate": ">=5.0.2"
      },
      "peerDependenciesMeta": {
        "bufferutil": {
          "optional": true
        },
        "utf-8-validate": {
          "optional": true
        }
      }
    }
  },
  "dependencies": {
    "node-yss": {
      "version": "https://github.com/yOyOeK1/node-yss/raw/refs/heads/main/node-yss-0.0.4.tgz",
      "integrity": "sha512-c0+ciMa7fbatBbFy2K+vT9kDklNLg383pKaDM0PxKH1V/f6JUdaP3XYhWxpT6ZkiJi97Q8BomXpAS8p2qL7/pQ=="
    },
    "ws": {
      "version": "8.18.3",
      "resolved": "https://registry.npmjs.org/ws/-/ws-8.18.3.tgz",
      "integrity": "sha512-PEIGCY5tSlUt50cqyMXfCzX+oOPqN0vuGqWzbcJ2xvnkzkq46oOpz7dQaTDBdfICb4N14+GARUDw2XV2N4tvzg==",
      "requires": {}
    }
  }
}
